# THIS IS AN AUTOGENERATED FILE. DO NOT EDIT THIS FILE DIRECTLY.
# yarn lockfile v1


chance@1.1.13:
  version "1.1.13"
  resolved "https://registry.yarnpkg.com/chance/-/chance-1.1.13.tgz#d4ecfd20c5e6799aaf5c2270d7653b32385cd6e3"
  integrity sha512-V6lQCljcLznE7tUYUM9EOAnnKXbctE6j/rdQkYOHIWbfGQbrzTsAXNW9CdU5XCo4ArXQCj/rb6HgxPlmGJcaUg==

lodash@^4.16.4:
  version "4.18.1"
  resolved "https://registry.yarnpkg.com/lodash/-/lodash-4.18.1.tgz#ff2b66c1f6326d59513de2407bf881439812771c"
  integrity sha512-dMInicTPVE8d1e5otfwmmjlxkZoUpiVLwyeTdUsi/Caj/gfzzblBcCE5sRHV/AsjuCmxWrte2TNGSYuCeCq+0Q==

nanoid@^3.3.8:
  version "3.3.12"
  resolved "https://registry.yarnpkg.com/nanoid/-/nanoid-3.3.12.tgz#ab3d912e217a6d0a514f00a72a16543a28982c05"
  integrity sha512-ZB9RH/39qpq5Vu6Y+NmUaFhQR6pp+M2Xt76XBnEwDaGcVAqhlvxrl3B2bKS5D3NH3QR76v3aSrKaF/Kiy7lEtQ==

prettier@3.8.4:
  version "3.8.4"
  resolved "https://registry.yarnpkg.com/prettier/-/prettier-3.8.4.tgz#f334f013ac04a96676f24dabc23c1c4ae1bae411"
  integrity sha512-N2MylSdi48+5N/6S5j+maeHbUSIzzZ5uOcX5Hm4QpV8Dkb1HFjfAKTKX6yNPJQD9AhcT3ifHNB66tWTTJDi11Q==

shortid@2.2.17:
  version "2.2.17"
  resolved "https://registry.yarnpkg.com/shortid/-/shortid-2.2.17.tgz#ea87297a36b7edd10a57818fbac5be798e0994bb"
  integrity sha512-GpbM3gLF1UUXZvQw6MCyulHkWbRseNO4cyBEZresZRorwl1+SLu1ZdqgVtuwqz8mB6RpwPkm541mYSqrKyJSaA==
  dependencies:
    nanoid "^3.3.8"

vin-generator@1.0.1:
  version "1.0.1"
  resolved "https://registry.yarnpkg.com/vin-generator/-/vin-generator-1.0.1.tgz#f1c7e230fb1c04de150ed1b814c6bfb2c72cfbae"
  integrity sha512-nMVaQSkbsrJaMaSBUajhCqVokErV/k7BB4pkI/JzMLORKXaeZbQQ7ID1ujAacAvOCgs21xs7a/RIvo5xyL64hQ==
  dependencies:
    lodash "^4.16.4"
